
Microsoft Visual Studio Solution File, Format Version 12.00
# Visual Studio Version 16
VisualStudioVersion = 16.0.30907.101
MinimumVisualStudioVersion = 10.0.40219.1
Project("{FAE04EC0-301F-11D3-BF4B-00C04F79EFBC}") = "AllocateQ3-ConsoleInteraction", "AllocateQ3-ConsoleInteraction\AllocateQ3-ConsoleInteraction.csproj", "{E99BC033-8FB3-4B2D-B1F1-286F18EA7612}"
EndProject
Project("{FAE04EC0-301F-11D3-BF4B-00C04F79EFBC}") = "AllocateQ3-ConsoleInteraction.Common", "AllocateQ3-ConsoleInteraction.Common\AllocateQ3-ConsoleInteraction.Common.csproj", "{ED737440-DD04-4D0E-A80C-5885B9822B24}"
EndProject
Project("{FAE04EC0-301F-11D3-BF4B-00C04F79EFBC}") = "AllocateQ3-ConsoleInteraction.Models", "AllocateQ3-ConsoleInteraction.Models\AllocateQ3-ConsoleInteraction.Models.csproj", "{65C19A6E-0CBF-4F3A-AE10-0D633C638592}"
EndProject
Project("{FAE04EC0-301F-11D3-BF4B-00C04F79EFBC}") = "AllocateQ3-ConsoleInteraction.Repositories", "AllocateQ3-ConsoleInteraction.Repositories\AllocateQ3-ConsoleInteraction.Repositories.csproj", "{CF112A5D-3A3B-4CA2-90D5-E91025FEE6E0}"
EndProject
Project("{FAE04EC0-301F-11D3-BF4B-00C04F79EFBC}") = "AllocateQ3-ConsoleInteraction.Services", "AllocateQ3-ConsoleInteraction.Services\AllocateQ3-ConsoleInteraction.Services.csproj", "{59C2025F-CBC0-4142-AA77-6D67611D5CF6}"
EndProject
Global
	GlobalSection(SolutionConfigurationPlatforms) = preSolution
		Debug|Any CPU = Debug|Any CPU
		Release|Any CPU = Release|Any CPU
	EndGlobalSection
	GlobalSection(ProjectConfigurationPlatforms) = postSolution
		{E99BC033-8FB3-4B2D-B1F1-286F18EA7612}.Debug|Any CPU.ActiveCfg = Debug|Any CPU
		{E99BC033-8FB3-4B2D-B1F1-286F18EA7612}.Debug|Any CPU.Build.0 = Debug|Any CPU
		{E99BC033-8FB3-4B2D-B1F1-286F18EA7612}.Release|Any CPU.ActiveCfg = Release|Any CPU
		{E99BC033-8FB3-4B2D-B1F1-286F18EA7612}.Release|Any CPU.Build.0 = Release|Any CPU
		{ED737440-DD04-4D0E-A80C-5885B9822B24}.Debug|Any CPU.ActiveCfg = Debug|Any CPU
		{ED737440-DD04-4D0E-A80C-5885B9822B24}.Debug|Any CPU.Build.0 = Debug|Any CPU
		{ED737440-DD04-4D0E-A80C-5885B9822B24}.Release|Any CPU.ActiveCfg = Release|Any CPU
		{ED737440-DD04-4D0E-A80C-5885B9822B24}.Release|Any CPU.Build.0 = Release|Any CPU
		{65C19A6E-0CBF-4F3A-AE10-0D633C638592}.Debug|Any CPU.ActiveCfg = Debug|Any CPU
		{65C19A6E-0CBF-4F3A-AE10-0D633C638592}.Debug|Any CPU.Build.0 = Debug|Any CPU
		{65C19A6E-0CBF-4F3A-AE10-0D633C638592}.Release|Any CPU.ActiveCfg = Release|Any CPU
		{65C19A6E-0CBF-4F3A-AE10-0D633C638592}.Release|Any CPU.Build.0 = Release|Any CPU
		{CF112A5D-3A3B-4CA2-90D5-E91025FEE6E0}.Debug|Any CPU.ActiveCfg = Debug|Any CPU
		{CF112A5D-3A3B-4CA2-90D5-E91025FEE6E0}.Debug|Any CPU.Build.0 = Debug|Any CPU
		{CF112A5D-3A3B-4CA2-90D5-E91025FEE6E0}.Release|Any CPU.ActiveCfg = Release|Any CPU
		{CF112A5D-3A3B-4CA2-90D5-E91025FEE6E0}.Release|Any CPU.Build.0 = Release|Any CPU
		{59C2025F-CBC0-4142-AA77-6D67611D5CF6}.Debug|Any CPU.ActiveCfg = Debug|Any CPU
		{59C2025F-CBC0-4142-AA77-6D67611D5CF6}.Debug|Any CPU.Build.0 = Debug|Any CPU
		{59C2025F-CBC0-4142-AA77-6D67611D5CF6}.Release|Any CPU.ActiveCfg = Release|Any CPU
		{59C2025F-CBC0-4142-AA77-6D67611D5CF6}.Release|Any CPU.Build.0 = Release|Any CPU
	EndGlobalSection
	GlobalSection(SolutionProperties) = preSolution
		HideSolutionNode = FALSE
	EndGlobalSection
	GlobalSection(ExtensibilityGlobals) = postSolution
		SolutionGuid = {45BEA74E-28E8-454D-9D80-59E1B94102AB}
	EndGlobalSection
EndGlobal
